
Microsoft Visual Studio Solution File, Format Version 12.00
# Visual Studio Version 16
VisualStudioVersion = 16.0.30907.101
MinimumVisualStudioVersion = 10.0.40219.1
Project("{8BC9CEB8-8B4A-11D0-8D11-00A0C91BC942}") = "Sudoku Solver Console", "Sudoku Solver Console\Sudoku Solver Console.vcxproj", "{04BA0E2B-8A92-426C-BE7F-9B09E1033265}"
EndProject
Global
	GlobalSection(SolutionConfigurationPlatforms) = preSolution
		Debug|x64 = Debug|x64
		Debug|x86 = Debug|x86
		Release|x64 = Release|x64
		Release|x86 = Release|x86
	EndGlobalSection
	GlobalSection(ProjectConfigurationPlatforms) = postSolution
		{04BA0E2B-8A92-426C-BE7F-9B09E1033265}.Debug|x64.ActiveCfg = Debug|x64
		{04BA0E2B-8A92-426C-BE7F-9B09E1033265}.Debug|x64.Build.0 = Debug|x64
		{04BA0E2B-8A92-426C-BE7F-9B09E1033265}.Debug|x86.ActiveCfg = Debug|Win32
		{04BA0E2B-8A92-426C-BE7F-9B09E1033265}.Debug|x86.Build.0 = Debug|Win32
		{04BA0E2B-8A92-426C-BE7F-9B09E1033265}.Release|x64.ActiveCfg = Release|x64
		{04BA0E2B-8A92-426C-BE7F-9B09E1033265}.Release|x64.Build.0 = Release|x64
		{04BA0E2B-8A92-426C-BE7F-9B09E1033265}.Release|x86.ActiveCfg = Release|Win32
		{04BA0E2B-8A92-426C-BE7F-9B09E1033265}.Release|x86.Build.0 = Release|Win32
	EndGlobalSection
	GlobalSection(SolutionProperties) = preSolution
		HideSolutionNode = FALSE
	EndGlobalSection
	GlobalSection(ExtensibilityGlobals) = postSolution
		SolutionGuid = {C43F6B1B-A9F7-4225-AEFF-8F6F15465103}
	EndGlobalSection
EndGlobal
